{
  "name": "UserInfo",
  "version": "1.0.0",
  "lockfileVersion": 1,
  "requires": true,
  "dependencies": {
    "md5-nodejs": {
      "version": "1.0.3",
      "resolved": "https://registry.npm.taobao.org/md5-nodejs/download/md5-nodejs-1.0.3.tgz",
      "integrity": "sha1-zEAOu3mutz8Lw1hrCcyE0KBBTUw="
    }
  }
}
